
Microsoft Visual Studio Solution File, Format Version 12.00
# Visual Studio Version 17
VisualStudioVersion = 17.12.35707.178
MinimumVisualStudioVersion = 10.0.40219.1
Project("{FAE04EC0-301F-11D3-BF4B-00C04F79EFBC}") = "CS01Fundamentals", "CS01Fundamentals\CS01Fundamentals.csproj", "{D3AB8564-03B7-48C6-9D20-E4E63B29C35D}"
EndProject
Project("{FAE04EC0-301F-11D3-BF4B-00C04F79EFBC}") = "CS03OOP", "CS03OOP\CS03OOP.csproj", "{386714CA-2FFB-4599-B513-7893E06E2BFC}"
EndProject
Project("{FAE04EC0-301F-11D3-BF4B-00C04F79EFBC}") = "CS0XDesignPatterns", "CS0XDesignPatterns\CS0XDesignPatterns.csproj", "{9FD93DED-B657-495F-B622-8587CE668F04}"
EndProject
Project("{FAE04EC0-301F-11D3-BF4B-00C04F79EFBC}") = "CS02ControlStructures", "CS02ControlStructures\CS02ControlStructures.csproj", "{62390606-76B4-4CB0-A1AF-BB47B637C5D3}"
EndProject
Project("{FAE04EC0-301F-11D3-BF4B-00C04F79EFBC}") = "AN0XDILifetimeCycle", "AN0XDILifetimeCycle\AN0XDILifetimeCycle.csproj", "{459CDBFE-889E-4226-B7F0-06A7DD34A083}"
EndProject
Project("{FAE04EC0-301F-11D3-BF4B-00C04F79EFBC}") = "CS04Collections", "CS04Collections\CS04Collections.csproj", "{226AA21F-6043-472B-975E-05E5DD514B2B}"
EndProject
Project("{FAE04EC0-301F-11D3-BF4B-00C04F79EFBC}") = "CS05AsynchronousProgramming", "CS05AsynchronousProgramming\CS05AsynchronousProgramming.csproj", "{29204992-79C5-4E99-963C-F1420ADF7778}"
EndProject
Project("{FAE04EC0-301F-11D3-BF4B-00C04F79EFBC}") = "CSharpStudiesTests", "CSharpStudiesTests\CSharpStudiesTests.csproj", "{3F34ED96-42BE-4AA1-8FBA-9C83A25FEF2D}"
EndProject
Global
	GlobalSection(SolutionConfigurationPlatforms) = preSolution
		Debug|Any CPU = Debug|Any CPU
		Release|Any CPU = Release|Any CPU
	EndGlobalSection
	GlobalSection(ProjectConfigurationPlatforms) = postSolution
		{D3AB8564-03B7-48C6-9D20-E4E63B29C35D}.Debug|Any CPU.ActiveCfg = Debug|Any CPU
		{D3AB8564-03B7-48C6-9D20-E4E63B29C35D}.Debug|Any CPU.Build.0 = Debug|Any CPU
		{D3AB8564-03B7-48C6-9D20-E4E63B29C35D}.Release|Any CPU.ActiveCfg = Release|Any CPU
		{D3AB8564-03B7-48C6-9D20-E4E63B29C35D}.Release|Any CPU.Build.0 = Release|Any CPU
		{386714CA-2FFB-4599-B513-7893E06E2BFC}.Debug|Any CPU.ActiveCfg = Debug|Any CPU
		{386714CA-2FFB-4599-B513-7893E06E2BFC}.Debug|Any CPU.Build.0 = Debug|Any CPU
		{386714CA-2FFB-4599-B513-7893E06E2BFC}.Release|Any CPU.ActiveCfg = Release|Any CPU
		{386714CA-2FFB-4599-B513-7893E06E2BFC}.Release|Any CPU.Build.0 = Release|Any CPU
		{9FD93DED-B657-495F-B622-8587CE668F04}.Debug|Any CPU.ActiveCfg = Debug|Any CPU
		{9FD93DED-B657-495F-B622-8587CE668F04}.Debug|Any CPU.Build.0 = Debug|Any CPU
		{9FD93DED-B657-495F-B622-8587CE668F04}.Release|Any CPU.ActiveCfg = Release|Any CPU
		{9FD93DED-B657-495F-B622-8587CE668F04}.Release|Any CPU.Build.0 = Release|Any CPU
		{62390606-76B4-4CB0-A1AF-BB47B637C5D3}.Debug|Any CPU.ActiveCfg = Debug|Any CPU
		{62390606-76B4-4CB0-A1AF-BB47B637C5D3}.Debug|Any CPU.Build.0 = Debug|Any CPU
		{62390606-76B4-4CB0-A1AF-BB47B637C5D3}.Release|Any CPU.ActiveCfg = Release|Any CPU
		{62390606-76B4-4CB0-A1AF-BB47B637C5D3}.Release|Any CPU.Build.0 = Release|Any CPU
		{459CDBFE-889E-4226-B7F0-06A7DD34A083}.Debug|Any CPU.ActiveCfg = Debug|Any CPU
		{459CDBFE-889E-4226-B7F0-06A7DD34A083}.Debug|Any CPU.Build.0 = Debug|Any CPU
		{459CDBFE-889E-4226-B7F0-06A7DD34A083}.Release|Any CPU.ActiveCfg = Release|Any CPU
		{459CDBFE-889E-4226-B7F0-06A7DD34A083}.Release|Any CPU.Build.0 = Release|Any CPU
		{226AA21F-6043-472B-975E-05E5DD514B2B}.Debug|Any CPU.ActiveCfg = Debug|Any CPU
		{226AA21F-6043-472B-975E-05E5DD514B2B}.Debug|Any CPU.Build.0 = Debug|Any CPU
		{226AA21F-6043-472B-975E-05E5DD514B2B}.Release|Any CPU.ActiveCfg = Release|Any CPU
		{226AA21F-6043-472B-975E-05E5DD514B2B}.Release|Any CPU.Build.0 = Release|Any CPU
		{29204992-79C5-4E99-963C-F1420ADF7778}.Debug|Any CPU.ActiveCfg = Debug|Any CPU
		{29204992-79C5-4E99-963C-F1420ADF7778}.Debug|Any CPU.Build.0 = Debug|Any CPU
		{29204992-79C5-4E99-963C-F1420ADF7778}.Release|Any CPU.ActiveCfg = Release|Any CPU
		{29204992-79C5-4E99-963C-F1420ADF7778}.Release|Any CPU.Build.0 = Release|Any CPU
		{3F34ED96-42BE-4AA1-8FBA-9C83A25FEF2D}.Debug|Any CPU.ActiveCfg = Debug|Any CPU
		{3F34ED96-42BE-4AA1-8FBA-9C83A25FEF2D}.Debug|Any CPU.Build.0 = Debug|Any CPU
		{3F34ED96-42BE-4AA1-8FBA-9C83A25FEF2D}.Release|Any CPU.ActiveCfg = Release|Any CPU
		{3F34ED96-42BE-4AA1-8FBA-9C83A25FEF2D}.Release|Any CPU.Build.0 = Release|Any CPU
	EndGlobalSection
	GlobalSection(SolutionProperties) = preSolution
		HideSolutionNode = FALSE
	EndGlobalSection
EndGlobal
